// !$*UTF8*$!
{
	archiveVersion = 1;
	classes = {
	};
	objectVersion = 77;
	objects = {

/* Begin PBXBuildFile section */
		53125CB92DD616440005D981 /* .gitignore in Resources */ = {isa = PBXBuildFile; fileRef = 53125CB82DD616370005D981 /* .gitignore */; };
		53125CD32DE5EA6C0005D981 /* readme.md in Resources */ = {isa = PBXBuildFile; fileRef = 53125CD22DE5EA640005D981 /* readme.md */; };
/* End PBXBuildFile section */

/* Begin PBXContainerItemProxy section */
		53125C992DD615E90005D981 /* PBXContainerItemProxy */ = {
			isa = PBXContainerItemProxy;
			containerPortal = 53125C832DD615E70005D981 /* Project object */;
			proxyType = 1;
			remoteGlobalIDString = 53125C8A2DD615E70005D981;
			remoteInfo = RecipeTogether;
		};
		53125CA32DD615E90005D981 /* PBXContainerItemProxy */ = {
			isa = PBXContainerItemProxy;
			containerPortal = 53125C832DD615E70005D981 /* Project object */;
			proxyType = 1;
			remoteGlobalIDString = 53125C8A2DD615E70005D981;
			remoteInfo = RecipeTogether;
		};
/* End PBXContainerItemProxy section */

/* Begin PBXFileReference section */
		53125C8B2DD615E70005D981 /* RecipeTogether.app */ = {isa = PBXFileReference; explicitFileType = wrapper.application; includeInIndex = 0; path = RecipeTogether.app; sourceTree = BUILT_PRODUCTS_DIR; };
		53125C982DD615E90005D981 /* RecipeTogetherTests.xctest */ = {isa = PBXFileReference; explicitFileType = wrapper.cfbundle; includeInIndex = 0; path = RecipeTogetherTests.xctest; sourceTree = BUILT_PRODUCTS_DIR; };
		53125CA22DD615E90005D981 /* RecipeTogetherUITests.xctest */ = {isa = PBXFileReference; explicitFileType = wrapper.cfbundle; includeInIndex = 0; path = RecipeTogetherUITests.xctest; sourceTree = BUILT_PRODUCTS_DIR; };
		53125CB82DD616370005D981 /* .gitignore */ = {isa = PBXFileReference; lastKnownFileType = text; path = .gitignore; sourceTree = "<group>"; };
		53125CD22DE5EA640005D981 /* readme.md */ = {isa = PBXFileReference; lastKnownFileType = net.daringfireball.markdown; path = readme.md; sourceTree = "<group>"; };
/* End PBXFileReference section */

/* Begin PBXFileSystemSynchronizedBuildFileExceptionSet section */
		534DCC302E423A3A00071F68 /* Exceptions for "RecipeTogether" folder in "RecipeTogether" target */ = {
			isa = PBXFileSystemSynchronizedBuildFileExceptionSet;
			membershipExceptions = (
				Features/login/Services/AuthError.swift,
			);
			target = 53125C8A2DD615E70005D981 /* RecipeTogether */;
		};
/* End PBXFileSystemSynchronizedBuildFileExceptionSet section */

/* Begin PBXFileSystemSynchronizedRootGroup section */
		53125C8D2DD615E70005D981 /* RecipeTogether */ = {
			isa = PBXFileSystemSynchronizedRootGroup;
			exceptions = (
				534DCC302E423A3A00071F68 /* Exceptions for "RecipeTogether" folder in "RecipeTogether" target */,
			);
			path = RecipeTogether;
			sourceTree = "<group>";
		};
		53125C9B2DD615E90005D981 /* RecipeTogetherTests */ = {
			isa = PBXFileSystemSynchronizedRootGroup;
			path = RecipeTogetherTests;
			sourceTree = "<group>";
		};
		53125CA52DD615E90005D981 /* RecipeTogetherUITests */ = {
			isa = PBXFileSystemSynchronizedRootGroup;
			path = RecipeTogetherUITests;
			sourceTree = "<group>";
		};
/* End PBXFileSystemSynchronizedRootGroup section */

/* Begin PBXFrameworksBuildPhase section */
		53125C882DD615E70005D981 /* Frameworks */ = {
			isa = PBXFrameworksBuildPhase;
			buildActionMask = 2147483647;
			files = (
			);
			runOnlyForDeploymentPostprocessing = 0;
		};
		53125C952DD615E90005D981 /* Frameworks */ = {
			isa = PBXFrameworksBuildPhase;
			buildActionMask = 2147483647;
			files = (
			);
			runOnlyForDeploymentPostprocessing = 0;
		};
		53125C9F2DD615E90005D981 /* Frameworks */ = {
			isa = PBXFrameworksBuildPhase;
			buildActionMask = 2147483647;
			files = (
			);
			runOnlyForDeploymentPostprocessing = 0;
		};
/* End PBXFrameworksBuildPhase section */

/* Begin PBXGroup section */
		53125C822DD615E70005D981 = {
			isa = PBXGroup;
			children = (
				53125CB82DD616370005D981 /* .gitignore */,
				53125C8D2DD615E70005D981 /* RecipeTogether */,
				53125C9B2DD615E90005D981 /* RecipeTogetherTests */,
				53125CA52DD615E90005D981 /* RecipeTogetherUITests */,
				53125C8C2DD615E70005D981 /* Products */,
				53125CD22DE5EA640005D981 /* readme.md */,
			);
			sourceTree = "<group>";
		};
		53125C8C2DD615E70005D981 /* Products */ = {
			isa = PBXGroup;
			children = (
				53125C8B2DD615E70005D981 /* RecipeTogether.app */,
				53125C982DD615E90005D981 /* RecipeTogetherTests.xctest */,
				53125CA22DD615E90005D981 /* RecipeTogetherUITests.xctest */,
			);
			name = Products;
			sourceTree = "<group>";
		};
/* End PBXGroup section */

/* Begin PBXNativeTarget section */
		53125C8A2DD615E70005D981 /* RecipeTogether */ = {
			isa = PBXNativeTarget;
			buildConfigurationList = 53125CAC2DD615E90005D981 /* Build configuration list for PBXNativeTarget "RecipeTogether" */;
			buildPhases = (
				53125C872DD615E70005D981 /* Sources */,
				53125C882DD615E70005D981 /* Frameworks */,
				53125C892DD615E70005D981 /* Resources */,
			);
			buildRules = (
			);
			dependencies = (
			);
			fileSystemSynchronizedGroups = (
				53125C8D2DD615E70005D981 /* RecipeTogether */,
			);
			name = RecipeTogether;
			packageProductDependencies = (
			);
			productName = RecipeTogether;
			productReference = 53125C8B2DD615E70005D981 /* RecipeTogether.app */;
			productType = "com.apple.product-type.application";
		};
		53125C972DD615E90005D981 /* RecipeTogetherTests */ = {
			isa = PBXNativeTarget;
			buildConfigurationList = 53125CAF2DD615E90005D981 /* Build configuration list for PBXNativeTarget "RecipeTogetherTests" */;
			buildPhases = (
				53125C942DD615E90005D981 /* Sources */,
				53125C952DD615E90005D981 /* Frameworks */,
				53125C962DD615E90005D981 /* Resources */,
			);
			buildRules = (
			);
			dependencies = (
				53125C9A2DD615E90005D981 /* PBXTargetDependency */,
			);
			fileSystemSynchronizedGroups = (
				53125C9B2DD615E90005D981 /* RecipeTogetherTests */,
			);
			name = RecipeTogetherTests;
			packageProductDependencies = (
			);
			productName = RecipeTogetherTests;
			productReference = 53125C982DD615E90005D981 /* RecipeTogetherTests.xctest */;
			productType = "com.apple.product-type.bundle.unit-test";
		};
		53125CA12DD615E90005D981 /* RecipeTogetherUITests */ = {
			isa = PBXNativeTarget;
			buildConfigurationList = 53125CB22DD615E90005D981 /* Build configuration list for PBXNativeTarget "RecipeTogetherUITests" */;
			buildPhases = (
				53125C9E2DD615E90005D981 /* Sources */,
				53125C9F2DD615E90005D981 /* Frameworks */,
				53125CA02DD615E90005D981 /* Resources */,
			);
			buildRules = (
			);
			dependencies = (
				53125CA42DD615E90005D981 /* PBXTargetDependency */,
			);
			fileSystemSynchronizedGroups = (
				53125CA52DD615E90005D981 /* RecipeTogetherUITests */,
			);
			name = RecipeTogetherUITests;
			packageProductDependencies = (
			);
			productName = RecipeTogetherUITests;
			productReference = 53125CA22DD615E90005D981 /* RecipeTogetherUITests.xctest */;
			productType = "com.apple.product-type.bundle.ui-testing";
		};
/* End PBXNativeTarget section */

/* Begin PBXProject section */
		53125C832DD615E70005D981 /* Project object */ = {
			isa = PBXProject;
			attributes = {
				BuildIndependentTargetsInParallel = 1;
				LastSwiftUpdateCheck = 1630;
				LastUpgradeCheck = 1630;
				TargetAttributes = {
					53125C8A2DD615E70005D981 = {
						CreatedOnToolsVersion = 16.3;
					};
					53125C972DD615E90005D981 = {
						CreatedOnToolsVersion = 16.3;
						TestTargetID = 53125C8A2DD615E70005D981;
					};
					53125CA12DD615E90005D981 = {
						CreatedOnToolsVersion = 16.3;
						TestTargetID = 53125C8A2DD615E70005D981;
					};
				};
			};
			buildConfigurationList = 53125C862DD615E70005D981 /* Build configuration list for PBXProject "RecipeTogether" */;
			developmentRegion = en;
			hasScannedForEncodings = 0;
			knownRegions = (
				en,
				Base,
			);
			mainGroup = 53125C822DD615E70005D981;
			minimizedProjectReferenceProxies = 1;
			packageReferences = (
			);
			preferredProjectObjectVersion = 77;
			productRefGroup = 53125C8C2DD615E70005D981 /* Products */;
			projectDirPath = "";
			projectRoot = "";
			targets = (
				53125C8A2DD615E70005D981 /* RecipeTogether */,
				53125C972DD615E90005D981 /* RecipeTogetherTests */,
				53125CA12DD615E90005D981 /* RecipeTogetherUITests */,
			);
		};
/* End PBXProject section */

/* Begin PBXResourcesBuildPhase section */
		53125C892DD615E70005D981 /* Resources */ = {
			isa = PBXResourcesBuildPhase;
			buildActionMask = 2147483647;
			files = (
				53125CB92DD616440005D981 /* .gitignore in Resources */,
				53125CD32DE5EA6C0005D981 /* readme.md in Resources */,
			);
			runOnlyForDeploymentPostprocessing = 0;
		};
		53125C962DD615E90005D981 /* Resources */ = {
			isa = PBXResourcesBuildPhase;
			buildActionMask = 2147483647;
			files = (
			);
			runOnlyForDeploymentPostprocessing = 0;
		};
		53125CA02DD615E90005D981 /* Resources */ = {
			isa = PBXResourcesBuildPhase;
			buildActionMask = 2147483647;
			files = (
			);
			runOnlyForDeploymentPostprocessing = 0;
		};
/* End PBXResourcesBuildPhase section */

/* Begin PBXSourcesBuildPhase section */
		53125C872DD615E70005D981 /* Sources */ = {
			isa = PBXSourcesBuildPhase;
			buildActionMask = 2147483647;
			files = (
			);
			runOnlyForDeploymentPostprocessing = 0;
		};
		53125C942DD615E90005D981 /* Sources */ = {
			isa = PBXSourcesBuildPhase;
			buildActionMask = 2147483647;
			files = (
			);
			runOnlyForDeploymentPostprocessing = 0;
		};
		53125C9E2DD615E90005D981 /* Sources */ = {
			isa = PBXSourcesBuildPhase;
			buildActionMask = 2147483647;
			files = (
			);
			runOnlyForDeploymentPostprocessing = 0;
		};
/* End PBXSourcesBuildPhase section */

/* Begin PBXTargetDependency section */
		53125C9A2DD615E90005D981 /* PBXTargetDependency */ = {
			isa = PBXTargetDependency;
			target = 53125C8A2DD615E70005D981 /* RecipeTogether */;
			targetProxy = 53125C992DD615E90005D981 /* PBXContainerItemProxy */;
		};
		53125CA42DD615E90005D981 /* PBXTargetDependency */ = {
			isa = PBXTargetDependency;
			target = 53125C8A2DD615E70005D981 /* RecipeTogether */;
			targetProxy = 53125CA32DD615E90005D981 /* PBXContainerItemProxy */;
		};
/* End PBXTargetDependency section */

/* Begin XCBuildConfiguration section */
		53125CAA2DD615E90005D981 /* Debug */ = {
			isa = XCBuildConfiguration;
			buildSettings = {
				ALWAYS_SEARCH_USER_PATHS = NO;
				ASSETCATALOG_COMPILER_GENERATE_SWIFT_ASSET_SYMBOL_EXTENSIONS = YES;
				CLANG_ANALYZER_NONNULL = YES;
				CLANG_ANALYZER_NUMBER_OBJECT_CONVERSION = YES_AGGRESSIVE;
				CLANG_CXX_LANGUAGE_STANDARD = "gnu++20";
				CLANG_ENABLE_MODULES = YES;
				CLANG_ENABLE_OBJC_ARC = YES;
				CLANG_ENABLE_OBJC_WEAK = YES;
				CLANG_WARN_BLOCK_CAPTURE_AUTORELEASING = YES;
				CLANG_WARN_BOOL_CONVERSION = YES;
				CLANG_WARN_COMMA = YES;
				CLANG_WARN_CONSTANT_CONVERSION = YES;
				CLANG_WARN_DEPRECATED_OBJC_IMPLEMENTATIONS = YES;
				CLANG_WARN_DIRECT_OBJC_ISA_USAGE = YES_ERROR;
				CLANG_WARN_DOCUMENTATION_COMMENTS = YES;
				CLANG_WARN_EMPTY_BODY = YES;
				CLANG_WARN_ENUM_CONVERSION = YES;
				CLANG_WARN_INFINITE_RECURSION = YES;
				CLANG_WARN_INT_CONVERSION = YES;
				CLANG_WARN_NON_LITERAL_NULL_CONVERSION = YES;
				CLANG_WARN_OBJC_IMPLICIT_RETAIN_SELF = YES;
				CLANG_WARN_OBJC_LITERAL_CONVERSION = YES;
				CLANG_WARN_OBJC_ROOT_CLASS = YES_ERROR;
				CLANG_WARN_QUOTED_INCLUDE_IN_FRAMEWORK_HEADER = YES;
				CLANG_WARN_RANGE_LOOP_ANALYSIS = YES;
				CLANG_WARN_STRICT_PROTOTYPES = YES;
				CLANG_WARN_SUSPICIOUS_MOVE = YES;
				CLANG_WARN_UNGUARDED_AVAILABILITY = YES_AGGRESSIVE;
				CLANG_WARN_UNREACHABLE_CODE = YES;
				CLANG_WARN__DUPLICATE_METHOD_MATCH = YES;
				COPY_PHASE_STRIP = NO;
				DEBUG_INFORMATION_FORMAT = dwarf;
				ENABLE_STRICT_OBJC_MSGSEND = YES;
				ENABLE_TESTABILITY = YES;
				ENABLE_USER_SCRIPT_SANDBOXING = YES;
				GCC_C_LANGUAGE_STANDARD = gnu17;
				GCC_DYNAMIC_NO_PIC = NO;
				GCC_NO_COMMON_BLOCKS = YES;
				GCC_OPTIMIZATION_LEVEL = 0;
				GCC_PREPROCESSOR_DEFINITIONS = (
					"DEBUG=1",
					"$(inherited)",
				);
				GCC_WARN_64_TO_32_BIT_CONVERSION = YES;
				GCC_WARN_ABOUT_RETURN_TYPE = YES_ERROR;
				GCC_WARN_UNDECLARED_SELECTOR = YES;
				GCC_WARN_UNINITIALIZED_AUTOS = YES_AGGRESSIVE;
				GCC_WARN_UNUSED_FUNCTION = YES;
				GCC_WARN_UNUSED_VARIABLE = YES;
				IPHONEOS_DEPLOYMENT_TARGET = 18.4;
				LOCALIZATION_PREFERS_STRING_CATALOGS = YES;
				MTL_ENABLE_DEBUG_INFO = INCLUDE_SOURCE;
				MTL_FAST_MATH = YES;
				ONLY_ACTIVE_ARCH = YES;
				SDKROOT = iphoneos;
				SWIFT_ACTIVE_COMPILATION_CONDITIONS = "DEBUG $(inherited)";
				SWIFT_OPTIMIZATION_LEVEL = "-Onone";
				SWIFT_VERSION = 6.0;
			};
			name = Debug;
		};
		53125CAB2DD615E90005D981 /* Release */ = {
			isa = XCBuildConfiguration;
			buildSettings = {
				ALWAYS_SEARCH_USER_PATHS = NO;
				ASSETCATALOG_COMPILER_GENERATE_SWIFT_ASSET_SYMBOL_EXTENSIONS = YES;
				CLANG_ANALYZER_NONNULL = YES;
				CLANG_ANALYZER_NUMBER_OBJECT_CONVERSION = YES_AGGRESSIVE;
				CLANG_CXX_LANGUAGE_STANDARD = "gnu++20";
				CLANG_ENABLE_MODULES = YES;
				CLANG_ENABLE_OBJC_ARC = YES;
				CLANG_ENABLE_OBJC_WEAK = YES;
				CLANG_WARN_BLOCK_CAPTURE_AUTORELEASING = YES;
				CLANG_WARN_BOOL_CONVERSION = YES;
				CLANG_WARN_COMMA = YES;
				CLANG_WARN_CONSTANT_CONVERSION = YES;
				CLANG_WARN_DEPRECATED_OBJC_IMPLEMENTATIONS = YES;
				CLANG_WARN_DIRECT_OBJC_ISA_USAGE = YES_ERROR;
				CLANG_WARN_DOCUMENTATION_COMMENTS = YES;
				CLANG_WARN_EMPTY_BODY = YES;
				CLANG_WARN_ENUM_CONVERSION = YES;
				CLANG_WARN_INFINITE_RECURSION = YES;
				CLANG_WARN_INT_CONVERSION = YES;
				CLANG_WARN_NON_LITERAL_NULL_CONVERSION = YES;
				CLANG_WARN_OBJC_IMPLICIT_RETAIN_SELF = YES;
				CLANG_WARN_OBJC_LITERAL_CONVERSION = YES;
				CLANG_WARN_OBJC_ROOT_CLASS = YES_ERROR;
				CLANG_WARN_QUOTED_INCLUDE_IN_FRAMEWORK_HEADER = YES;
				CLANG_WARN_RANGE_LOOP_ANALYSIS = YES;
				CLANG_WARN_STRICT_PROTOTYPES = YES;
				CLANG_WARN_SUSPICIOUS_MOVE = YES;
				CLANG_WARN_UNGUARDED_AVAILABILITY = YES_AGGRESSIVE;
				CLANG_WARN_UNREACHABLE_CODE = YES;
				CLANG_WARN__DUPLICATE_METHOD_MATCH = YES;
				COPY_PHASE_STRIP = NO;
				DEBUG_INFORMATION_FORMAT = "dwarf-with-dsym";
				ENABLE_NS_ASSERTIONS = NO;
				ENABLE_STRICT_OBJC_MSGSEND = YES;
				ENABLE_USER_SCRIPT_SANDBOXING = YES;
				GCC_C_LANGUAGE_STANDARD = gnu17;
				GCC_NO_COMMON_BLOCKS = YES;
				GCC_WARN_64_TO_32_BIT_CONVERSION = YES;
				GCC_WARN_ABOUT_RETURN_TYPE = YES_ERROR;
				GCC_WARN_UNDECLARED_SELECTOR = YES;
				GCC_WARN_UNINITIALIZED_AUTOS = YES_AGGRESSIVE;
				GCC_WARN_UNUSED_FUNCTION = YES;
				GCC_WARN_UNUSED_VARIABLE = YES;
				IPHONEOS_DEPLOYMENT_TARGET = 18.4;
				LOCALIZATION_PREFERS_STRING_CATALOGS = YES;
				MTL_ENABLE_DEBUG_INFO = NO;
				MTL_FAST_MATH = YES;
				SDKROOT = iphoneos;
				SWIFT_COMPILATION_MODE = wholemodule;
				SWIFT_VERSION = 6.0;
				VALIDATE_PRODUCT = YES;
			};
			name = Release;
		};
		53125CAD2DD615E90005D981 /* Debug */ = {
			isa = XCBuildConfiguration;
			buildSettings = {
				ASSETCATALOG_COMPILER_APPICON_NAME = AppIcon;
				ASSETCATALOG_COMPILER_GLOBAL_ACCENT_COLOR_NAME = AccentColor;
				CODE_SIGN_STYLE = Automatic;
				CURRENT_PROJECT_VERSION = 1;
				ENABLE_PREVIEWS = YES;
				GENERATE_INFOPLIST_FILE = YES;
				INFOPLIST_KEY_UIApplicationSceneManifest_Generation = YES;
				INFOPLIST_KEY_UIApplicationSupportsIndirectInputEvents = YES;
				INFOPLIST_KEY_UILaunchScreen_Generation = YES;
				INFOPLIST_KEY_UISupportedInterfaceOrientations_iPad = "UIInterfaceOrientationPortrait UIInterfaceOrientationPortraitUpsideDown UIInterfaceOrientationLandscapeLeft UIInterfaceOrientationLandscapeRight";
				INFOPLIST_KEY_UISupportedInterfaceOrientations_iPhone = "UIInterfaceOrientationPortrait UIInterfaceOrientationLandscapeLeft UIInterfaceOrientationLandscapeRight";
				LD_RUNPATH_SEARCH_PATHS = (
					"$(inherited)",
					"@executable_path/Frameworks",
				);
				MARKETING_VERSION = 1.0;
				PRODUCT_BUNDLE_IDENTIFIER = com.luisangel.RecipeTogether;
				PRODUCT_NAME = "$(TARGET_NAME)";
				SWIFT_EMIT_LOC_STRINGS = YES;
				SWIFT_VERSION = 5.0;
				TARGETED_DEVICE_FAMILY = "1,2";
			};
			name = Debug;
		};
		53125CAE2DD615E90005D981 /* Release */ = {
			isa = XCBuildConfiguration;
			buildSettings = {
				ASSETCATALOG_COMPILER_APPICON_NAME = AppIcon;
				ASSETCATALOG_COMPILER_GLOBAL_ACCENT_COLOR_NAME = AccentColor;
				CODE_SIGN_STYLE = Automatic;
				CURRENT_PROJECT_VERSION = 1;
				ENABLE_PREVIEWS = YES;
				GENERATE_INFOPLIST_FILE = YES;
				INFOPLIST_KEY_UIApplicationSceneManifest_Generation = YES;
				INFOPLIST_KEY_UIApplicationSupportsIndirectInputEvents = YES;
				INFOPLIST_KEY_UILaunchScreen_Generation = YES;
				INFOPLIST_KEY_UISupportedInterfaceOrientations_iPad = "UIInterfaceOrientationPortrait UIInterfaceOrientationPortraitUpsideDown UIInterfaceOrientationLandscapeLeft UIInterfaceOrientationLandscapeRight";
				INFOPLIST_KEY_UISupportedInterfaceOrientations_iPhone = "UIInterfaceOrientationPortrait UIInterfaceOrientationLandscapeLeft UIInterfaceOrientationLandscapeRight";
				LD_RUNPATH_SEARCH_PATHS = (
					"$(inherited)",
					"@executable_path/Frameworks",
				);
				MARKETING_VERSION = 1.0;
				PRODUCT_BUNDLE_IDENTIFIER = com.luisangel.RecipeTogether;
				PRODUCT_NAME = "$(TARGET_NAME)";
				SWIFT_EMIT_LOC_STRINGS = YES;
				SWIFT_VERSION = 5.0;
				TARGETED_DEVICE_FAMILY = "1,2";
			};
			name = Release;
		};
		53125CB02DD615E90005D981 /* Debug */ = {
			isa = XCBuildConfiguration;
			buildSettings = {
				BUNDLE_LOADER = "$(TEST_HOST)";
				CODE_SIGN_STYLE = Automatic;
				CURRENT_PROJECT_VERSION = 1;
				GENERATE_INFOPLIST_FILE = YES;
				IPHONEOS_DEPLOYMENT_TARGET = 18.4;
				MARKETING_VERSION = 1.0;
				PRODUCT_BUNDLE_IDENTIFIER = com.luisangel.RecipeTogetherTests;
				PRODUCT_NAME = "$(TARGET_NAME)";
				SWIFT_EMIT_LOC_STRINGS = NO;
				SWIFT_VERSION = 5.0;
				TARGETED_DEVICE_FAMILY = "1,2";
				TEST_HOST = "$(BUILT_PRODUCTS_DIR)/RecipeTogether.app/$(BUNDLE_EXECUTABLE_FOLDER_PATH)/RecipeTogether";
			};
			name = Debug;
		};
		53125CB12DD615E90005D981 /* Release */ = {
			isa = XCBuildConfiguration;
			buildSettings = {
				BUNDLE_LOADER = "$(TEST_HOST)";
				CODE_SIGN_STYLE = Automatic;
				CURRENT_PROJECT_VERSION = 1;
				GENERATE_INFOPLIST_FILE = YES;
				IPHONEOS_DEPLOYMENT_TARGET = 18.4;
				MARKETING_VERSION = 1.0;
				PRODUCT_BUNDLE_IDENTIFIER = com.luisangel.RecipeTogetherTests;
				PRODUCT_NAME = "$(TARGET_NAME)";
				SWIFT_EMIT_LOC_STRINGS = NO;
				SWIFT_VERSION = 5.0;
				TARGETED_DEVICE_FAMILY = "1,2";
				TEST_HOST = "$(BUILT_PRODUCTS_DIR)/RecipeTogether.app/$(BUNDLE_EXECUTABLE_FOLDER_PATH)/RecipeTogether";
			};
			name = Release;
		};
		53125CB32DD615E90005D981 /* Debug */ = {
			isa = XCBuildConfiguration;
			buildSettings = {
				CODE_SIGN_STYLE = Automatic;
				CURRENT_PROJECT_VERSION = 1;
				GENERATE_INFOPLIST_FILE = YES;
				MARKETING_VERSION = 1.0;
				PRODUCT_BUNDLE_IDENTIFIER = com.luisangel.RecipeTogetherUITests;
				PRODUCT_NAME = "$(TARGET_NAME)";
				SWIFT_EMIT_LOC_STRINGS = NO;
				SWIFT_VERSION = 5.0;
				TARGETED_DEVICE_FAMILY = "1,2";
				TEST_TARGET_NAME = RecipeTogether;
			};
			name = Debug;
		};
		53125CB42DD615E90005D981 /* Release */ = {
			isa = XCBuildConfiguration;
			buildSettings = {
				CODE_SIGN_STYLE = Automatic;
				CURRENT_PROJECT_VERSION = 1;
				GENERATE_INFOPLIST_FILE = YES;
				MARKETING_VERSION = 1.0;
				PRODUCT_BUNDLE_IDENTIFIER = com.luisangel.RecipeTogetherUITests;
				PRODUCT_NAME = "$(TARGET_NAME)";
				SWIFT_EMIT_LOC_STRINGS = NO;
				SWIFT_VERSION = 5.0;
				TARGETED_DEVICE_FAMILY = "1,2";
				TEST_TARGET_NAME = RecipeTogether;
			};
			name = Release;
		};
/* End XCBuildConfiguration section */

/* Begin XCConfigurationList section */
		53125C862DD615E70005D981 /* Build configuration list for PBXProject "RecipeTogether" */ = {
			isa = XCConfigurationList;
			buildConfigurations = (
				53125CAA2DD615E90005D981 /* Debug */,
				53125CAB2DD615E90005D981 /* Release */,
			);
			defaultConfigurationIsVisible = 0;
			defaultConfigurationName = Release;
		};
		53125CAC2DD615E90005D981 /* Build configuration list for PBXNativeTarget "RecipeTogether" */ = {
			isa = XCConfigurationList;
			buildConfigurations = (
				53125CAD2DD615E90005D981 /* Debug */,
				53125CAE2DD615E90005D981 /* Release */,
			);
			defaultConfigurationIsVisible = 0;
			defaultConfigurationName = Release;
		};
		53125CAF2DD615E90005D981 /* Build configuration list for PBXNativeTarget "RecipeTogetherTests" */ = {
			isa = XCConfigurationList;
			buildConfigurations = (
				53125CB02DD615E90005D981 /* Debug */,
				53125CB12DD615E90005D981 /* Release */,
			);
			defaultConfigurationIsVisible = 0;
			defaultConfigurationName = Release;
		};
		53125CB22DD615E90005D981 /* Build configuration list for PBXNativeTarget "RecipeTogetherUITests" */ = {
			isa = XCConfigurationList;
			buildConfigurations = (
				53125CB32DD615E90005D981 /* Debug */,
				53125CB42DD615E90005D981 /* Release */,
			);
			defaultConfigurationIsVisible = 0;
			defaultConfigurationName = Release;
		};
/* End XCConfigurationList section */
	};
	rootObject = 53125C832DD615E70005D981 /* Project object */;
}
